
Microsoft Visual Studio Solution File, Format Version 12.00
# Visual Studio Version 16
VisualStudioVersion = 16.0.30907.101
MinimumVisualStudioVersion = 10.0.40219.1
Project("{9A19103F-16F7-4668-BE54-9A1E7A4F7556}") = "NovaScotia", "NovaScotia.csproj", "{8E93C33E-18B9-4831-AE39-BB2AFE812E03}"
EndProject
Project("{FAE04EC0-301F-11D3-BF4B-00C04F79EFBC}") = "NCBwebservice", "..\..\..\Documents\school\Utech\semester 8\Enterprise computing 2\NCBwebservice\NCBwebservice.csproj", "{67BAF246-0791-42F1-B2DF-38361555EC31}"
EndProject
Global
	GlobalSection(SolutionConfigurationPlatforms) = preSolution
		Debug|Any CPU = Debug|Any CPU
		Release|Any CPU = Release|Any CPU
	EndGlobalSection
	GlobalSection(ProjectConfigurationPlatforms) = postSolution
		{8E93C33E-18B9-4831-AE39-BB2AFE812E03}.Debug|Any CPU.ActiveCfg = Debug|Any CPU
		{8E93C33E-18B9-4831-AE39-BB2AFE812E03}.Debug|Any CPU.Build.0 = Debug|Any CPU
		{8E93C33E-18B9-4831-AE39-BB2AFE812E03}.Release|Any CPU.ActiveCfg = Release|Any CPU
		{8E93C33E-18B9-4831-AE39-BB2AFE812E03}.Release|Any CPU.Build.0 = Release|Any CPU
		{67BAF246-0791-42F1-B2DF-38361555EC31}.Debug|Any CPU.ActiveCfg = Debug|Any CPU
		{67BAF246-0791-42F1-B2DF-38361555EC31}.Debug|Any CPU.Build.0 = Debug|Any CPU
		{67BAF246-0791-42F1-B2DF-38361555EC31}.Release|Any CPU.ActiveCfg = Release|Any CPU
		{67BAF246-0791-42F1-B2DF-38361555EC31}.Release|Any CPU.Build.0 = Release|Any CPU
	EndGlobalSection
	GlobalSection(SolutionProperties) = preSolution
		HideSolutionNode = FALSE
	EndGlobalSection
	GlobalSection(ExtensibilityGlobals) = postSolution
		SolutionGuid = {9A75B68A-209A-417D-9802-C74FA7DA0DFA}
	EndGlobalSection
EndGlobal
